
Microsoft Visual Studio Solution File, Format Version 12.00
# Visual Studio 14
VisualStudioVersion = 14.0.23107.0
MinimumVisualStudioVersion = 10.0.40219.1
Project("{FAE04EC0-301F-11D3-BF4B-00C04F79EFBC}") = "IntroducingWF", "IntroducingWF.csproj", "{7EAB141B-BB79-4466-8258-76EF37D573BF}"
EndProject
Project("{FAE04EC0-301F-11D3-BF4B-00C04F79EFBC}") = "IntroducingWF.Workflows", "..\IntroducingWF.Workflows\IntroducingWF.Workflows.csproj", "{7CE06B3A-61CB-4213-AB5B-FC4B6F61FD70}"
EndProject
Project("{FAE04EC0-301F-11D3-BF4B-00C04F79EFBC}") = "IntroducingWF.EmployeeLibrary", "..\IntroducingWF.EmployeeLibrary\IntroducingWF.EmployeeLibrary.csproj", "{3F3A72D3-0937-4614-8012-D1FD5E21181C}"
EndProject
Project("{FAE04EC0-301F-11D3-BF4B-00C04F79EFBC}") = "IntroducingWF.CustomActivities", "..\IntroducingWF.CustomActivities\IntroducingWF.CustomActivities.csproj", "{82446EB4-8F30-4E42-910A-BF04BBA93D80}"
EndProject
Global
	GlobalSection(SolutionConfigurationPlatforms) = preSolution
		Debug|Any CPU = Debug|Any CPU
		Release|Any CPU = Release|Any CPU
	EndGlobalSection
	GlobalSection(ProjectConfigurationPlatforms) = postSolution
		{7EAB141B-BB79-4466-8258-76EF37D573BF}.Debug|Any CPU.ActiveCfg = Debug|Any CPU
		{7EAB141B-BB79-4466-8258-76EF37D573BF}.Debug|Any CPU.Build.0 = Debug|Any CPU
		{7EAB141B-BB79-4466-8258-76EF37D573BF}.Release|Any CPU.ActiveCfg = Release|Any CPU
		{7EAB141B-BB79-4466-8258-76EF37D573BF}.Release|Any CPU.Build.0 = Release|Any CPU
		{7CE06B3A-61CB-4213-AB5B-FC4B6F61FD70}.Debug|Any CPU.ActiveCfg = Debug|Any CPU
		{7CE06B3A-61CB-4213-AB5B-FC4B6F61FD70}.Debug|Any CPU.Build.0 = Debug|Any CPU
		{7CE06B3A-61CB-4213-AB5B-FC4B6F61FD70}.Release|Any CPU.ActiveCfg = Release|Any CPU
		{7CE06B3A-61CB-4213-AB5B-FC4B6F61FD70}.Release|Any CPU.Build.0 = Release|Any CPU
		{3F3A72D3-0937-4614-8012-D1FD5E21181C}.Debug|Any CPU.ActiveCfg = Debug|Any CPU
		{3F3A72D3-0937-4614-8012-D1FD5E21181C}.Debug|Any CPU.Build.0 = Debug|Any CPU
		{3F3A72D3-0937-4614-8012-D1FD5E21181C}.Release|Any CPU.ActiveCfg = Release|Any CPU
		{3F3A72D3-0937-4614-8012-D1FD5E21181C}.Release|Any CPU.Build.0 = Release|Any CPU
		{82446EB4-8F30-4E42-910A-BF04BBA93D80}.Debug|Any CPU.ActiveCfg = Debug|Any CPU
		{82446EB4-8F30-4E42-910A-BF04BBA93D80}.Debug|Any CPU.Build.0 = Debug|Any CPU
		{82446EB4-8F30-4E42-910A-BF04BBA93D80}.Release|Any CPU.ActiveCfg = Release|Any CPU
		{82446EB4-8F30-4E42-910A-BF04BBA93D80}.Release|Any CPU.Build.0 = Release|Any CPU
	EndGlobalSection
	GlobalSection(SolutionProperties) = preSolution
		HideSolutionNode = FALSE
	EndGlobalSection
EndGlobal
