
Microsoft Visual Studio Solution File, Format Version 12.00
# Visual Studio 14
VisualStudioVersion = 14.0.23107.0
MinimumVisualStudioVersion = 10.0.40219.1
Project("{FAE04EC0-301F-11D3-BF4B-00C04F79EFBC}") = "DDDInPractice.Logic", "DDDInPractice.Logic\DDDInPractice.Logic.csproj", "{FE588159-B06E-4EEC-A5D9-0F7C8DBFC06A}"
EndProject
Project("{FAE04EC0-301F-11D3-BF4B-00C04F79EFBC}") = "DDDInPractice.Tests", "DDDInPractice.Tests\DDDInPractice.Tests.csproj", "{1681DF7A-1062-4A75-B799-20AE886756FD}"
EndProject
Project("{FAE04EC0-301F-11D3-BF4B-00C04F79EFBC}") = "DDDInPractice.UI", "DddInPractice.UI\DDDInPractice.UI.csproj", "{22298B76-87EC-4C16-A393-CA2D780CA15D}"
EndProject
Global
	GlobalSection(SolutionConfigurationPlatforms) = preSolution
		Debug|Any CPU = Debug|Any CPU
		Release|Any CPU = Release|Any CPU
	EndGlobalSection
	GlobalSection(ProjectConfigurationPlatforms) = postSolution
		{FE588159-B06E-4EEC-A5D9-0F7C8DBFC06A}.Debug|Any CPU.ActiveCfg = Debug|Any CPU
		{FE588159-B06E-4EEC-A5D9-0F7C8DBFC06A}.Debug|Any CPU.Build.0 = Debug|Any CPU
		{FE588159-B06E-4EEC-A5D9-0F7C8DBFC06A}.Release|Any CPU.ActiveCfg = Release|Any CPU
		{FE588159-B06E-4EEC-A5D9-0F7C8DBFC06A}.Release|Any CPU.Build.0 = Release|Any CPU
		{1681DF7A-1062-4A75-B799-20AE886756FD}.Debug|Any CPU.ActiveCfg = Debug|Any CPU
		{1681DF7A-1062-4A75-B799-20AE886756FD}.Debug|Any CPU.Build.0 = Debug|Any CPU
		{1681DF7A-1062-4A75-B799-20AE886756FD}.Release|Any CPU.ActiveCfg = Release|Any CPU
		{1681DF7A-1062-4A75-B799-20AE886756FD}.Release|Any CPU.Build.0 = Release|Any CPU
		{22298B76-87EC-4C16-A393-CA2D780CA15D}.Debug|Any CPU.ActiveCfg = Debug|Any CPU
		{22298B76-87EC-4C16-A393-CA2D780CA15D}.Debug|Any CPU.Build.0 = Debug|Any CPU
		{22298B76-87EC-4C16-A393-CA2D780CA15D}.Release|Any CPU.ActiveCfg = Release|Any CPU
		{22298B76-87EC-4C16-A393-CA2D780CA15D}.Release|Any CPU.Build.0 = Release|Any CPU
	EndGlobalSection
	GlobalSection(SolutionProperties) = preSolution
		HideSolutionNode = FALSE
	EndGlobalSection
EndGlobal
