
Microsoft Visual Studio Solution File, Format Version 12.00
# Visual Studio 14
VisualStudioVersion = 14.0.23107.0
MinimumVisualStudioVersion = 10.0.40219.1
Project("{FAE04EC0-301F-11D3-BF4B-00C04F79EFBC}") = "TestDrivenDevelopmentByExample", "TestDrivenDevelopmentByExample\TestDrivenDevelopmentByExample.csproj", "{4A2AF4BC-F85A-4BB2-8843-E19F14E4CFB5}"
EndProject
Project("{FAE04EC0-301F-11D3-BF4B-00C04F79EFBC}") = "TestDrivenDevelopmentByExample.Tests", "TestDrivenDevelopmentByExample.Tests\TestDrivenDevelopmentByExample.Tests.csproj", "{A1581101-C5B4-4542-B91A-C0BCD69235F6}"
EndProject
Global
	GlobalSection(SolutionConfigurationPlatforms) = preSolution
		Debug|Any CPU = Debug|Any CPU
		Release|Any CPU = Release|Any CPU
	EndGlobalSection
	GlobalSection(ProjectConfigurationPlatforms) = postSolution
		{4A2AF4BC-F85A-4BB2-8843-E19F14E4CFB5}.Debug|Any CPU.ActiveCfg = Debug|Any CPU
		{4A2AF4BC-F85A-4BB2-8843-E19F14E4CFB5}.Debug|Any CPU.Build.0 = Debug|Any CPU
		{4A2AF4BC-F85A-4BB2-8843-E19F14E4CFB5}.Release|Any CPU.ActiveCfg = Release|Any CPU
		{4A2AF4BC-F85A-4BB2-8843-E19F14E4CFB5}.Release|Any CPU.Build.0 = Release|Any CPU
		{A1581101-C5B4-4542-B91A-C0BCD69235F6}.Debug|Any CPU.ActiveCfg = Debug|Any CPU
		{A1581101-C5B4-4542-B91A-C0BCD69235F6}.Debug|Any CPU.Build.0 = Debug|Any CPU
		{A1581101-C5B4-4542-B91A-C0BCD69235F6}.Release|Any CPU.ActiveCfg = Release|Any CPU
		{A1581101-C5B4-4542-B91A-C0BCD69235F6}.Release|Any CPU.Build.0 = Release|Any CPU
	EndGlobalSection
	GlobalSection(SolutionProperties) = preSolution
		HideSolutionNode = FALSE
	EndGlobalSection
EndGlobal
