
Microsoft Visual Studio Solution File, Format Version 12.00
# Visual Studio 14
VisualStudioVersion = 14.0.23107.0
MinimumVisualStudioVersion = 10.0.40219.1
Project("{FAE04EC0-301F-11D3-BF4B-00C04F79EFBC}") = "IssueTrackerApi", "IssueTrackerApi\IssueTrackerApi.csproj", "{80F954BF-C61D-4AA1-910A-913F012651C0}"
EndProject
Project("{FAE04EC0-301F-11D3-BF4B-00C04F79EFBC}") = "IssueTrackerApi.AcceptanceTests", "IssueTrackerApi.AcceptanceTests\IssueTrackerApi.AcceptanceTests.csproj", "{F3FF1BB3-541F-47D2-907C-AA6B54209661}"
EndProject
Project("{FAE04EC0-301F-11D3-BF4B-00C04F79EFBC}") = "IssueTrackerApi.SelfHost", "IssueTrackerApi.SelfHost\IssueTrackerApi.SelfHost.csproj", "{67CB50B4-2E3A-45C3-879D-C183775653C2}"
EndProject
Global
	GlobalSection(SolutionConfigurationPlatforms) = preSolution
		Debug|Any CPU = Debug|Any CPU
		Release|Any CPU = Release|Any CPU
	EndGlobalSection
	GlobalSection(ProjectConfigurationPlatforms) = postSolution
		{80F954BF-C61D-4AA1-910A-913F012651C0}.Debug|Any CPU.ActiveCfg = Debug|Any CPU
		{80F954BF-C61D-4AA1-910A-913F012651C0}.Debug|Any CPU.Build.0 = Debug|Any CPU
		{80F954BF-C61D-4AA1-910A-913F012651C0}.Release|Any CPU.ActiveCfg = Release|Any CPU
		{80F954BF-C61D-4AA1-910A-913F012651C0}.Release|Any CPU.Build.0 = Release|Any CPU
		{F3FF1BB3-541F-47D2-907C-AA6B54209661}.Debug|Any CPU.ActiveCfg = Debug|Any CPU
		{F3FF1BB3-541F-47D2-907C-AA6B54209661}.Debug|Any CPU.Build.0 = Debug|Any CPU
		{F3FF1BB3-541F-47D2-907C-AA6B54209661}.Release|Any CPU.ActiveCfg = Release|Any CPU
		{F3FF1BB3-541F-47D2-907C-AA6B54209661}.Release|Any CPU.Build.0 = Release|Any CPU
		{67CB50B4-2E3A-45C3-879D-C183775653C2}.Debug|Any CPU.ActiveCfg = Debug|Any CPU
		{67CB50B4-2E3A-45C3-879D-C183775653C2}.Debug|Any CPU.Build.0 = Debug|Any CPU
		{67CB50B4-2E3A-45C3-879D-C183775653C2}.Release|Any CPU.ActiveCfg = Release|Any CPU
		{67CB50B4-2E3A-45C3-879D-C183775653C2}.Release|Any CPU.Build.0 = Release|Any CPU
	EndGlobalSection
	GlobalSection(SolutionProperties) = preSolution
		HideSolutionNode = FALSE
	EndGlobalSection
EndGlobal
